
Microsoft Visual Studio Solution File, Format Version 12.00
Project("{FAE04EC0-301F-11D3-BF4B-00C04F79EFBC}") = "WeatherImageGenerator.StartJob", "WeatherImageGenerator.StartJob\WeatherImageGenerator.StartJob.csproj", "{26716B18-A069-4E32-831A-8A04915F46C5}"
EndProject
Project("{FAE04EC0-301F-11D3-BF4B-00C04F79EFBC}") = "WeatherImageGenerator.ProcessJob", "WeatherImageGenerator.ProcessJob\WeatherImageGenerator.ProcessJob.csproj", "{DA917CFB-AB86-467F-A075-7482CF02D190}"
EndProject
Project("{FAE04EC0-301F-11D3-BF4B-00C04F79EFBC}") = "WeatherImageGenerator.GenerateImage", "WeatherImageGenerator.GenerateImage\WeatherImageGenerator.GenerateImage.csproj", "{CD287C0D-94CC-408A-84BF-D1B2DD4D4D77}"
EndProject
Global
	GlobalSection(SolutionConfigurationPlatforms) = preSolution
		Debug|Any CPU = Debug|Any CPU
		Release|Any CPU = Release|Any CPU
	EndGlobalSection
	GlobalSection(ProjectConfigurationPlatforms) = postSolution
		{26716B18-A069-4E32-831A-8A04915F46C5}.Debug|Any CPU.ActiveCfg = Debug|Any CPU
		{26716B18-A069-4E32-831A-8A04915F46C5}.Debug|Any CPU.Build.0 = Debug|Any CPU
		{26716B18-A069-4E32-831A-8A04915F46C5}.Release|Any CPU.ActiveCfg = Release|Any CPU
		{26716B18-A069-4E32-831A-8A04915F46C5}.Release|Any CPU.Build.0 = Release|Any CPU
		{DA917CFB-AB86-467F-A075-7482CF02D190}.Debug|Any CPU.ActiveCfg = Debug|Any CPU
		{DA917CFB-AB86-467F-A075-7482CF02D190}.Debug|Any CPU.Build.0 = Debug|Any CPU
		{DA917CFB-AB86-467F-A075-7482CF02D190}.Release|Any CPU.ActiveCfg = Release|Any CPU
		{DA917CFB-AB86-467F-A075-7482CF02D190}.Release|Any CPU.Build.0 = Release|Any CPU
		{CD287C0D-94CC-408A-84BF-D1B2DD4D4D77}.Debug|Any CPU.ActiveCfg = Debug|Any CPU
		{CD287C0D-94CC-408A-84BF-D1B2DD4D4D77}.Debug|Any CPU.Build.0 = Debug|Any CPU
		{CD287C0D-94CC-408A-84BF-D1B2DD4D4D77}.Release|Any CPU.ActiveCfg = Release|Any CPU
		{CD287C0D-94CC-408A-84BF-D1B2DD4D4D77}.Release|Any CPU.Build.0 = Release|Any CPU
	EndGlobalSection
EndGlobal
